
Microsoft Visual Studio Solution File, Format Version 12.00
# Visual Studio 14
VisualStudioVersion = 14.0.23107.0
MinimumVisualStudioVersion = 10.0.40219.1
Project("{FAE04EC0-301F-11D3-BF4B-00C04F79EFBC}") = "random", "random\random.csproj", "{EE7A634B-EC4C-4CA5-8091-EED6F638969B}"
EndProject
Global
	GlobalSection(SolutionConfigurationPlatforms) = preSolution
		Debug|Any CPU = Debug|Any CPU
		Release|Any CPU = Release|Any CPU
	EndGlobalSection
	GlobalSection(ProjectConfigurationPlatforms) = postSolution
		{EE7A634B-EC4C-4CA5-8091-EED6F638969B}.Debug|Any CPU.ActiveCfg = Debug|Any CPU
		{EE7A634B-EC4C-4CA5-8091-EED6F638969B}.Debug|Any CPU.Build.0 = Debug|Any CPU
		{EE7A634B-EC4C-4CA5-8091-EED6F638969B}.Release|Any CPU.ActiveCfg = Release|Any CPU
		{EE7A634B-EC4C-4CA5-8091-EED6F638969B}.Release|Any CPU.Build.0 = Release|Any CPU
	EndGlobalSection
	GlobalSection(SolutionProperties) = preSolution
		HideSolutionNode = FALSE
	EndGlobalSection
EndGlobal
